
Microsoft Visual Studio Solution File, Format Version 12.00
# Visual Studio Version 16
VisualStudioVersion = 16.0.31624.102
MinimumVisualStudioVersion = 10.0.40219.1
Project("{FAE04EC0-301F-11D3-BF4B-00C04F79EFBC}") = "FrontOffice", "FrontOffice\FrontOffice.csproj", "{577C7620-07A0-479B-8811-C26F47A25C1F}"
EndProject
Project("{FAE04EC0-301F-11D3-BF4B-00C04F79EFBC}") = "DataLayer", "DataLayer\DataLayer.csproj", "{32D7F38D-1C83-4B23-812F-AA0E9D3FC310}"
EndProject
Global
	GlobalSection(SolutionConfigurationPlatforms) = preSolution
		Debug|Any CPU = Debug|Any CPU
		Release|Any CPU = Release|Any CPU
	EndGlobalSection
	GlobalSection(ProjectConfigurationPlatforms) = postSolution
		{577C7620-07A0-479B-8811-C26F47A25C1F}.Debug|Any CPU.ActiveCfg = Debug|Any CPU
		{577C7620-07A0-479B-8811-C26F47A25C1F}.Debug|Any CPU.Build.0 = Debug|Any CPU
		{577C7620-07A0-479B-8811-C26F47A25C1F}.Release|Any CPU.ActiveCfg = Release|Any CPU
		{577C7620-07A0-479B-8811-C26F47A25C1F}.Release|Any CPU.Build.0 = Release|Any CPU
		{32D7F38D-1C83-4B23-812F-AA0E9D3FC310}.Debug|Any CPU.ActiveCfg = Debug|Any CPU
		{32D7F38D-1C83-4B23-812F-AA0E9D3FC310}.Debug|Any CPU.Build.0 = Debug|Any CPU
		{32D7F38D-1C83-4B23-812F-AA0E9D3FC310}.Release|Any CPU.ActiveCfg = Release|Any CPU
		{32D7F38D-1C83-4B23-812F-AA0E9D3FC310}.Release|Any CPU.Build.0 = Release|Any CPU
	EndGlobalSection
	GlobalSection(SolutionProperties) = preSolution
		HideSolutionNode = FALSE
	EndGlobalSection
	GlobalSection(ExtensibilityGlobals) = postSolution
		SolutionGuid = {38AB6913-C267-42FA-85A1-E01CDA7DD803}
	EndGlobalSection
EndGlobal
